// !$*UTF8*$!
{
	archiveVersion = 1;
	classes = {
	};
	objectVersion = 46;
	objects = {

/* Begin PBXBuildFile section */
		9BA815E51E889E41006BE9F2 /* main.m in Sources */ = {isa = PBXBuildFile; fileRef = 9BA815E41E889E41006BE9F2 /* main.m */; };
		9BA815E81E889E41006BE9F2 /* AppDelegate.m in Sources */ = {isa = PBXBuildFile; fileRef = 9BA815E71E889E41006BE9F2 /* AppDelegate.m */; };
		9BA815EB1E889E41006BE9F2 /* ViewController.m in Sources */ = {isa = PBXBuildFile; fileRef = 9BA815EA1E889E41006BE9F2 /* ViewController.m */; };
		9BA815EE1E889E41006BE9F2 /* Main.storyboard in Resources */ = {isa = PBXBuildFile; fileRef = 9BA815EC1E889E41006BE9F2 /* Main.storyboard */; };
		9BA815F01E889E41006BE9F2 /* Assets.xcassets in Resources */ = {isa = PBXBuildFile; fileRef = 9BA815EF1E889E41006BE9F2 /* Assets.xcassets */; };
		9BA815F31E889E41006BE9F2 /* LaunchScreen.storyboard in Resources */ = {isa = PBXBuildFile; fileRef = 9BA815F11E889E41006BE9F2 /* LaunchScreen.storyboard */; };
		9BA815FD1E889E96006BE9F2 /* wjDelegateFirstVC.m in Sources */ = {isa = PBXBuildFile; fileRef = 9BA815FC1E889E96006BE9F2 /* wjDelegateFirstVC.m */; };
		9BA816001E889EC5006BE9F2 /* wjDelegateSecondVC.m in Sources */ = {isa = PBXBuildFile; fileRef = 9BA815FF1E889EC5006BE9F2 /* wjDelegateSecondVC.m */; };
		9BA816041E88B6D7006BE9F2 /* wjBlockFirstVC.m in Sources */ = {isa = PBXBuildFile; fileRef = 9BA816031E88B6D7006BE9F2 /* wjBlockFirstVC.m */; };
		9BB6B2441E88E3FD004B330D /* wjPropertyFirstVC.m in Sources */ = {isa = PBXBuildFile; fileRef = 9BB6B2431E88E3FD004B330D /* wjPropertyFirstVC.m */; };
		9BB6B2471E88E41D004B330D /* wjPropertySecondVC.m in Sources */ = {isa = PBXBuildFile; fileRef = 9BB6B2461E88E41D004B330D /* wjPropertySecondVC.m */; };
		9BB6B2491E88EB1F004B330D /* wjBlockSecondVC.m in Sources */ = {isa = PBXBuildFile; fileRef = 9BB6B2481E88EB1F004B330D /* wjBlockSecondVC.m */; };
		9BB6B24D1E88EE47004B330D /* wjSingleTonFirstVC.m in Sources */ = {isa = PBXBuildFile; fileRef = 9BB6B24C1E88EE47004B330D /* wjSingleTonFirstVC.m */; };
		9BB6B2501E88EE60004B330D /* wjSingleTonSecondVC.m in Sources */ = {isa = PBXBuildFile; fileRef = 9BB6B24F1E88EE60004B330D /* wjSingleTonSecondVC.m */; };
		9BB6B2531E88EE8B004B330D /* wjSingleTon.m in Sources */ = {isa = PBXBuildFile; fileRef = 9BB6B2521E88EE8B004B330D /* wjSingleTon.m */; };
		C4AAA2B61F347C290001E14D /* wjAddObserverVC.m in Sources */ = {isa = PBXBuildFile; fileRef = C4AAA2B31F347C290001E14D /* wjAddObserverVC.m */; };
		C4AAA2B71F347C290001E14D /* wjPostNotificaitonVC.m in Sources */ = {isa = PBXBuildFile; fileRef = C4AAA2B51F347C290001E14D /* wjPostNotificaitonVC.m */; };
/* End PBXBuildFile section */

/* Begin PBXFileReference section */
		9BA815E01E889E41006BE9F2 /* 传值.app */ = {isa = PBXFileReference; explicitFileType = wrapper.application; includeInIndex = 0; path = "传值.app"; sourceTree = BUILT_PRODUCTS_DIR; };
		9BA815E41E889E41006BE9F2 /* main.m */ = {isa = PBXFileReference; lastKnownFileType = sourcecode.c.objc; path = main.m; sourceTree = "<group>"; };
		9BA815E61E889E41006BE9F2 /* AppDelegate.h */ = {isa = PBXFileReference; lastKnownFileType = sourcecode.c.h; path = AppDelegate.h; sourceTree = "<group>"; };
		9BA815E71E889E41006BE9F2 /* AppDelegate.m */ = {isa = PBXFileReference; lastKnownFileType = sourcecode.c.objc; path = AppDelegate.m; sourceTree = "<group>"; };
		9BA815E91E889E41006BE9F2 /* ViewController.h */ = {isa = PBXFileReference; lastKnownFileType = sourcecode.c.h; path = ViewController.h; sourceTree = "<group>"; };
		9BA815EA1E889E41006BE9F2 /* ViewController.m */ = {isa = PBXFileReference; lastKnownFileType = sourcecode.c.objc; path = ViewController.m; sourceTree = "<group>"; };
		9BA815ED1E889E41006BE9F2 /* Base */ = {isa = PBXFileReference; lastKnownFileType = file.storyboard; name = Base; path = Base.lproj/Main.storyboard; sourceTree = "<group>"; };
		9BA815EF1E889E41006BE9F2 /* Assets.xcassets */ = {isa = PBXFileReference; lastKnownFileType = folder.assetcatalog; path = Assets.xcassets; sourceTree = "<group>"; };
		9BA815F21E889E41006BE9F2 /* Base */ = {isa = PBXFileReference; lastKnownFileType = file.storyboard; name = Base; path = Base.lproj/LaunchScreen.storyboard; sourceTree = "<group>"; };
		9BA815F41E889E41006BE9F2 /* Info.plist */ = {isa = PBXFileReference; lastKnownFileType = text.plist.xml; path = Info.plist; sourceTree = "<group>"; };
		9BA815FB1E889E96006BE9F2 /* wjDelegateFirstVC.h */ = {isa = PBXFileReference; fileEncoding = 4; lastKnownFileType = sourcecode.c.h; name = wjDelegateFirstVC.h; path = delegate/wjDelegateFirstVC.h; sourceTree = "<group>"; };
		9BA815FC1E889E96006BE9F2 /* wjDelegateFirstVC.m */ = {isa = PBXFileReference; fileEncoding = 4; lastKnownFileType = sourcecode.c.objc; name = wjDelegateFirstVC.m; path = delegate/wjDelegateFirstVC.m; sourceTree = "<group>"; };
		9BA815FE1E889EC5006BE9F2 /* wjDelegateSecondVC.h */ = {isa = PBXFileReference; fileEncoding = 4; lastKnownFileType = sourcecode.c.h; name = wjDelegateSecondVC.h; path = delegate/wjDelegateSecondVC.h; sourceTree = "<group>"; };
		9BA815FF1E889EC5006BE9F2 /* wjDelegateSecondVC.m */ = {isa = PBXFileReference; fileEncoding = 4; lastKnownFileType = sourcecode.c.objc; name = wjDelegateSecondVC.m; path = delegate/wjDelegateSecondVC.m; sourceTree = "<group>"; };
		9BA816021E88B6D7006BE9F2 /* wjBlockFirstVC.h */ = {isa = PBXFileReference; fileEncoding = 4; lastKnownFileType = sourcecode.c.h; name = wjBlockFirstVC.h; path = block/wjBlockFirstVC.h; sourceTree = "<group>"; };
		9BA816031E88B6D7006BE9F2 /* wjBlockFirstVC.m */ = {isa = PBXFileReference; fileEncoding = 4; lastKnownFileType = sourcecode.c.objc; name = wjBlockFirstVC.m; path = block/wjBlockFirstVC.m; sourceTree = "<group>"; };
		9BA816051E88B6EF006BE9F2 /* wjBlockSecondVC.h */ = {isa = PBXFileReference; fileEncoding = 4; lastKnownFileType = sourcecode.c.h; name = wjBlockSecondVC.h; path = block/wjBlockSecondVC.h; sourceTree = "<group>"; };
		9BB6B2421E88E3FD004B330D /* wjPropertyFirstVC.h */ = {isa = PBXFileReference; fileEncoding = 4; lastKnownFileType = sourcecode.c.h; name = wjPropertyFirstVC.h; path = "属性传值/wjPropertyFirstVC.h"; sourceTree = "<group>"; };
		9BB6B2431E88E3FD004B330D /* wjPropertyFirstVC.m */ = {isa = PBXFileReference; fileEncoding = 4; lastKnownFileType = sourcecode.c.objc; name = wjPropertyFirstVC.m; path = "属性传值/wjPropertyFirstVC.m"; sourceTree = "<group>"; };
		9BB6B2451E88E41D004B330D /* wjPropertySecondVC.h */ = {isa = PBXFileReference; fileEncoding = 4; lastKnownFileType = sourcecode.c.h; name = wjPropertySecondVC.h; path = "属性传值/wjPropertySecondVC.h"; sourceTree = "<group>"; };
		9BB6B2461E88E41D004B330D /* wjPropertySecondVC.m */ = {isa = PBXFileReference; fileEncoding = 4; lastKnownFileType = sourcecode.c.objc; name = wjPropertySecondVC.m; path = "属性传值/wjPropertySecondVC.m"; sourceTree = "<group>"; };
		9BB6B2481E88EB1F004B330D /* wjBlockSecondVC.m */ = {isa = PBXFileReference; fileEncoding = 4; lastKnownFileType = sourcecode.c.objc; name = wjBlockSecondVC.m; path = block/wjBlockSecondVC.m; sourceTree = "<group>"; };
		9BB6B24B1E88EE47004B330D /* wjSingleTonFirstVC.h */ = {isa = PBXFileReference; fileEncoding = 4; lastKnownFileType = sourcecode.c.h; name = wjSingleTonFirstVC.h; path = "单例传值/wjSingleTonFirstVC.h"; sourceTree = "<group>"; };
		9BB6B24C1E88EE47004B330D /* wjSingleTonFirstVC.m */ = {isa = PBXFileReference; fileEncoding = 4; lastKnownFileType = sourcecode.c.objc; name = wjSingleTonFirstVC.m; path = "单例传值/wjSingleTonFirstVC.m"; sourceTree = "<group>"; };
		9BB6B24E1E88EE60004B330D /* wjSingleTonSecondVC.h */ = {isa = PBXFileReference; fileEncoding = 4; lastKnownFileType = sourcecode.c.h; name = wjSingleTonSecondVC.h; path = "单例传值/wjSingleTonSecondVC.h"; sourceTree = "<group>"; };
		9BB6B24F1E88EE60004B330D /* wjSingleTonSecondVC.m */ = {isa = PBXFileReference; fileEncoding = 4; lastKnownFileType = sourcecode.c.objc; name = wjSingleTonSecondVC.m; path = "单例传值/wjSingleTonSecondVC.m"; sourceTree = "<group>"; };
		9BB6B2511E88EE8B004B330D /* wjSingleTon.h */ = {isa = PBXFileReference; fileEncoding = 4; lastKnownFileType = sourcecode.c.h; name = wjSingleTon.h; path = "单例传值/wjSingleTon.h"; sourceTree = "<group>"; };
		9BB6B2521E88EE8B004B330D /* wjSingleTon.m */ = {isa = PBXFileReference; fileEncoding = 4; lastKnownFileType = sourcecode.c.objc; name = wjSingleTon.m; path = "单例传值/wjSingleTon.m"; sourceTree = "<group>"; };
		C4AAA2B21F347C290001E14D /* wjAddObserverVC.h */ = {isa = PBXFileReference; fileEncoding = 4; lastKnownFileType = sourcecode.c.h; path = wjAddObserverVC.h; sourceTree = "<group>"; };
		C4AAA2B31F347C290001E14D /* wjAddObserverVC.m */ = {isa = PBXFileReference; fileEncoding = 4; lastKnownFileType = sourcecode.c.objc; path = wjAddObserverVC.m; sourceTree = "<group>"; };
		C4AAA2B41F347C290001E14D /* wjPostNotificaitonVC.h */ = {isa = PBXFileReference; fileEncoding = 4; lastKnownFileType = sourcecode.c.h; path = wjPostNotificaitonVC.h; sourceTree = "<group>"; };
		C4AAA2B51F347C290001E14D /* wjPostNotificaitonVC.m */ = {isa = PBXFileReference; fileEncoding = 4; lastKnownFileType = sourcecode.c.objc; path = wjPostNotificaitonVC.m; sourceTree = "<group>"; };
/* End PBXFileReference section */

/* Begin PBXFrameworksBuildPhase section */
		9BA815DD1E889E41006BE9F2 /* Frameworks */ = {
			isa = PBXFrameworksBuildPhase;
			buildActionMask = 2147483647;
			files = (
			);
			runOnlyForDeploymentPostprocessing = 0;
		};
/* End PBXFrameworksBuildPhase section */

/* Begin PBXGroup section */
		9BA815D71E889E41006BE9F2 = {
			isa = PBXGroup;
			children = (
				9BA815E21E889E41006BE9F2 /* 传值 */,
				9BA815E11E889E41006BE9F2 /* Products */,
			);
			sourceTree = "<group>";
		};
		9BA815E11E889E41006BE9F2 /* Products */ = {
			isa = PBXGroup;
			children = (
				9BA815E01E889E41006BE9F2 /* 传值.app */,
			);
			name = Products;
			sourceTree = "<group>";
		};
		9BA815E21E889E41006BE9F2 /* 传值 */ = {
			isa = PBXGroup;
			children = (
				9BA815E61E889E41006BE9F2 /* AppDelegate.h */,
				9BA815E71E889E41006BE9F2 /* AppDelegate.m */,
				9BA815E91E889E41006BE9F2 /* ViewController.h */,
				9BA815EA1E889E41006BE9F2 /* ViewController.m */,
				9BB6B24A1E88EDF8004B330D /* 单例传值 */,
				9BB6B2411E88E38A004B330D /* 属性传值 */,
				9BA815FA1E889E5A006BE9F2 /* 代理传值 */,
				C4AAA2B11F347C290001E14D /* 通知传值 */,
				9BA816011E88B67B006BE9F2 /* block传值 */,
				9BA815EC1E889E41006BE9F2 /* Main.storyboard */,
				9BA815EF1E889E41006BE9F2 /* Assets.xcassets */,
				9BA815F11E889E41006BE9F2 /* LaunchScreen.storyboard */,
				9BA815F41E889E41006BE9F2 /* Info.plist */,
				9BA815E31E889E41006BE9F2 /* Supporting Files */,
			);
			path = "传值";
			sourceTree = "<group>";
		};
		9BA815E31E889E41006BE9F2 /* Supporting Files */ = {
			isa = PBXGroup;
			children = (
				9BA815E41E889E41006BE9F2 /* main.m */,
			);
			name = "Supporting Files";
			sourceTree = "<group>";
		};
		9BA815FA1E889E5A006BE9F2 /* 代理传值 */ = {
			isa = PBXGroup;
			children = (
				9BA815FB1E889E96006BE9F2 /* wjDelegateFirstVC.h */,
				9BA815FC1E889E96006BE9F2 /* wjDelegateFirstVC.m */,
				9BA815FE1E889EC5006BE9F2 /* wjDelegateSecondVC.h */,
				9BA815FF1E889EC5006BE9F2 /* wjDelegateSecondVC.m */,
			);
			name = "代理传值";
			sourceTree = "<group>";
		};
		9BA816011E88B67B006BE9F2 /* block传值 */ = {
			isa = PBXGroup;
			children = (
				9BA816021E88B6D7006BE9F2 /* wjBlockFirstVC.h */,
				9BA816031E88B6D7006BE9F2 /* wjBlockFirstVC.m */,
				9BA816051E88B6EF006BE9F2 /* wjBlockSecondVC.h */,
				9BB6B2481E88EB1F004B330D /* wjBlockSecondVC.m */,
			);
			name = "block传值";
			sourceTree = "<group>";
		};
		9BB6B2411E88E38A004B330D /* 属性传值 */ = {
			isa = PBXGroup;
			children = (
				9BB6B2421E88E3FD004B330D /* wjPropertyFirstVC.h */,
				9BB6B2431E88E3FD004B330D /* wjPropertyFirstVC.m */,
				9BB6B2451E88E41D004B330D /* wjPropertySecondVC.h */,
				9BB6B2461E88E41D004B330D /* wjPropertySecondVC.m */,
			);
			name = "属性传值";
			sourceTree = "<group>";
		};
		9BB6B24A1E88EDF8004B330D /* 单例传值 */ = {
			isa = PBXGroup;
			children = (
				9BB6B24B1E88EE47004B330D /* wjSingleTonFirstVC.h */,
				9BB6B24C1E88EE47004B330D /* wjSingleTonFirstVC.m */,
				9BB6B24E1E88EE60004B330D /* wjSingleTonSecondVC.h */,
				9BB6B24F1E88EE60004B330D /* wjSingleTonSecondVC.m */,
				9BB6B2511E88EE8B004B330D /* wjSingleTon.h */,
				9BB6B2521E88EE8B004B330D /* wjSingleTon.m */,
			);
			name = "单例传值";
			sourceTree = "<group>";
		};
		C4AAA2B11F347C290001E14D /* 通知传值 */ = {
			isa = PBXGroup;
			children = (
				C4AAA2B21F347C290001E14D /* wjAddObserverVC.h */,
				C4AAA2B31F347C290001E14D /* wjAddObserverVC.m */,
				C4AAA2B41F347C290001E14D /* wjPostNotificaitonVC.h */,
				C4AAA2B51F347C290001E14D /* wjPostNotificaitonVC.m */,
			);
			path = "通知传值";
			sourceTree = "<group>";
		};
/* End PBXGroup section */

/* Begin PBXNativeTarget section */
		9BA815DF1E889E41006BE9F2 /* 传值 */ = {
			isa = PBXNativeTarget;
			buildConfigurationList = 9BA815F71E889E41006BE9F2 /* Build configuration list for PBXNativeTarget "传值" */;
			buildPhases = (
				9BA815DC1E889E41006BE9F2 /* Sources */,
				9BA815DD1E889E41006BE9F2 /* Frameworks */,
				9BA815DE1E889E41006BE9F2 /* Resources */,
			);
			buildRules = (
			);
			dependencies = (
			);
			name = "传值";
			productName = "传值";
			productReference = 9BA815E01E889E41006BE9F2 /* 传值.app */;
			productType = "com.apple.product-type.application";
		};
/* End PBXNativeTarget section */

/* Begin PBXProject section */
		9BA815D81E889E41006BE9F2 /* Project object */ = {
			isa = PBXProject;
			attributes = {
				LastUpgradeCheck = 0820;
				ORGANIZATIONNAME = "王钧";
				TargetAttributes = {
					9BA815DF1E889E41006BE9F2 = {
						CreatedOnToolsVersion = 8.2.1;
						ProvisioningStyle = Automatic;
					};
				};
			};
			buildConfigurationList = 9BA815DB1E889E41006BE9F2 /* Build configuration list for PBXProject "传值" */;
			compatibilityVersion = "Xcode 3.2";
			developmentRegion = English;
			hasScannedForEncodings = 0;
			knownRegions = (
				en,
				Base,
			);
			mainGroup = 9BA815D71E889E41006BE9F2;
			productRefGroup = 9BA815E11E889E41006BE9F2 /* Products */;
			projectDirPath = "";
			projectRoot = "";
			targets = (
				9BA815DF1E889E41006BE9F2 /* 传值 */,
			);
		};
/* End PBXProject section */

/* Begin PBXResourcesBuildPhase section */
		9BA815DE1E889E41006BE9F2 /* Resources */ = {
			isa = PBXResourcesBuildPhase;
			buildActionMask = 2147483647;
			files = (
				9BA815F31E889E41006BE9F2 /* LaunchScreen.storyboard in Resources */,
				9BA815F01E889E41006BE9F2 /* Assets.xcassets in Resources */,
				9BA815EE1E889E41006BE9F2 /* Main.storyboard in Resources */,
			);
			runOnlyForDeploymentPostprocessing = 0;
		};
/* End PBXResourcesBuildPhase section */

/* Begin PBXSourcesBuildPhase section */
		9BA815DC1E889E41006BE9F2 /* Sources */ = {
			isa = PBXSourcesBuildPhase;
			buildActionMask = 2147483647;
			files = (
				C4AAA2B71F347C290001E14D /* wjPostNotificaitonVC.m in Sources */,
				9BA815EB1E889E41006BE9F2 /* ViewController.m in Sources */,
				9BB6B2501E88EE60004B330D /* wjSingleTonSecondVC.m in Sources */,
				9BA815E81E889E41006BE9F2 /* AppDelegate.m in Sources */,
				9BB6B2471E88E41D004B330D /* wjPropertySecondVC.m in Sources */,
				9BB6B2531E88EE8B004B330D /* wjSingleTon.m in Sources */,
				9BA816041E88B6D7006BE9F2 /* wjBlockFirstVC.m in Sources */,
				9BA816001E889EC5006BE9F2 /* wjDelegateSecondVC.m in Sources */,
				9BB6B2441E88E3FD004B330D /* wjPropertyFirstVC.m in Sources */,
				9BA815E51E889E41006BE9F2 /* main.m in Sources */,
				9BB6B2491E88EB1F004B330D /* wjBlockSecondVC.m in Sources */,
				9BB6B24D1E88EE47004B330D /* wjSingleTonFirstVC.m in Sources */,
				9BA815FD1E889E96006BE9F2 /* wjDelegateFirstVC.m in Sources */,
				C4AAA2B61F347C290001E14D /* wjAddObserverVC.m in Sources */,
			);
			runOnlyForDeploymentPostprocessing = 0;
		};
/* End PBXSourcesBuildPhase section */

/* Begin PBXVariantGroup section */
		9BA815EC1E889E41006BE9F2 /* Main.storyboard */ = {
			isa = PBXVariantGroup;
			children = (
				9BA815ED1E889E41006BE9F2 /* Base */,
			);
			name = Main.storyboard;
			sourceTree = "<group>";
		};
		9BA815F11E889E41006BE9F2 /* LaunchScreen.storyboard */ = {
			isa = PBXVariantGroup;
			children = (
				9BA815F21E889E41006BE9F2 /* Base */,
			);
			name = LaunchScreen.storyboard;
			sourceTree = "<group>";
		};
/* End PBXVariantGroup section */

/* Begin XCBuildConfiguration section */
		9BA815F51E889E41006BE9F2 /* Debug */ = {
			isa = XCBuildConfiguration;
			buildSettings = {
				ALWAYS_SEARCH_USER_PATHS = NO;
				CLANG_ANALYZER_NONNULL = YES;
				CLANG_CXX_LANGUAGE_STANDARD = "gnu++0x";
				CLANG_CXX_LIBRARY = "libc++";
				CLANG_ENABLE_MODULES = YES;
				CLANG_ENABLE_OBJC_ARC = YES;
				CLANG_WARN_BOOL_CONVERSION = YES;
				CLANG_WARN_CONSTANT_CONVERSION = YES;
				CLANG_WARN_DIRECT_OBJC_ISA_USAGE = YES_ERROR;
				CLANG_WARN_DOCUMENTATION_COMMENTS = YES;
				CLANG_WARN_EMPTY_BODY = YES;
				CLANG_WARN_ENUM_CONVERSION = YES;
				CLANG_WARN_INFINITE_RECURSION = YES;
				CLANG_WARN_INT_CONVERSION = YES;
				CLANG_WARN_OBJC_ROOT_CLASS = YES_ERROR;
				CLANG_WARN_SUSPICIOUS_MOVE = YES;
				CLANG_WARN_UNREACHABLE_CODE = YES;
				CLANG_WARN__DUPLICATE_METHOD_MATCH = YES;
				"CODE_SIGN_IDENTITY[sdk=iphoneos*]" = "iPhone Developer";
				COPY_PHASE_STRIP = NO;
				DEBUG_INFORMATION_FORMAT = dwarf;
				ENABLE_STRICT_OBJC_MSGSEND = YES;
				ENABLE_TESTABILITY = YES;
				GCC_C_LANGUAGE_STANDARD = gnu99;
				GCC_DYNAMIC_NO_PIC = NO;
				GCC_NO_COMMON_BLOCKS = YES;
				GCC_OPTIMIZATION_LEVEL = 0;
				GCC_PREPROCESSOR_DEFINITIONS = (
					"DEBUG=1",
					"$(inherited)",
				);
				GCC_WARN_64_TO_32_BIT_CONVERSION = YES;
				GCC_WARN_ABOUT_RETURN_TYPE = YES_ERROR;
				GCC_WARN_UNDECLARED_SELECTOR = YES;
				GCC_WARN_UNINITIALIZED_AUTOS = YES_AGGRESSIVE;
				GCC_WARN_UNUSED_FUNCTION = YES;
				GCC_WARN_UNUSED_VARIABLE = YES;
				IPHONEOS_DEPLOYMENT_TARGET = 10.2;
				MTL_ENABLE_DEBUG_INFO = YES;
				ONLY_ACTIVE_ARCH = YES;
				SDKROOT = iphoneos;
			};
			name = Debug;
		};
		9BA815F61E889E41006BE9F2 /* Release */ = {
			isa = XCBuildConfiguration;
			buildSettings = {
				ALWAYS_SEARCH_USER_PATHS = NO;
				CLANG_ANALYZER_NONNULL = YES;
				CLANG_CXX_LANGUAGE_STANDARD = "gnu++0x";
				CLANG_CXX_LIBRARY = "libc++";
				CLANG_ENABLE_MODULES = YES;
				CLANG_ENABLE_OBJC_ARC = YES;
				CLANG_WARN_BOOL_CONVERSION = YES;
				CLANG_WARN_CONSTANT_CONVERSION = YES;
				CLANG_WARN_DIRECT_OBJC_ISA_USAGE = YES_ERROR;
				CLANG_WARN_DOCUMENTATION_COMMENTS = YES;
				CLANG_WARN_EMPTY_BODY = YES;
				CLANG_WARN_ENUM_CONVERSION = YES;
				CLANG_WARN_INFINITE_RECURSION = YES;
				CLANG_WARN_INT_CONVERSION = YES;
				CLANG_WARN_OBJC_ROOT_CLASS = YES_ERROR;
				CLANG_WARN_SUSPICIOUS_MOVE = YES;
				CLANG_WARN_UNREACHABLE_CODE = YES;
				CLANG_WARN__DUPLICATE_METHOD_MATCH = YES;
				"CODE_SIGN_IDENTITY[sdk=iphoneos*]" = "iPhone Developer";
				COPY_PHASE_STRIP = NO;
				DEBUG_INFORMATION_FORMAT = "dwarf-with-dsym";
				ENABLE_NS_ASSERTIONS = NO;
				ENABLE_STRICT_OBJC_MSGSEND = YES;
				GCC_C_LANGUAGE_STANDARD = gnu99;
				GCC_NO_COMMON_BLOCKS = YES;
				GCC_WARN_64_TO_32_BIT_CONVERSION = YES;
				GCC_WARN_ABOUT_RETURN_TYPE = YES_ERROR;
				GCC_WARN_UNDECLARED_SELECTOR = YES;
				GCC_WARN_UNINITIALIZED_AUTOS = YES_AGGRESSIVE;
				GCC_WARN_UNUSED_FUNCTION = YES;
				GCC_WARN_UNUSED_VARIABLE = YES;
				IPHONEOS_DEPLOYMENT_TARGET = 10.2;
				MTL_ENABLE_DEBUG_INFO = NO;
				SDKROOT = iphoneos;
				VALIDATE_PRODUCT = YES;
			};
			name = Release;
		};
		9BA815F81E889E41006BE9F2 /* Debug */ = {
			isa = XCBuildConfiguration;
			buildSettings = {
				ASSETCATALOG_COMPILER_APPICON_NAME = AppIcon;
				DEVELOPMENT_TEAM = "";
				INFOPLIST_FILE = "传值/Info.plist";
				LD_RUNPATH_SEARCH_PATHS = "$(inherited) @executable_path/Frameworks";
				PRODUCT_BUNDLE_IDENTIFIER = "com.wj.www.--";
				PRODUCT_NAME = "$(TARGET_NAME)";
			};
			name = Debug;
		};
		9BA815F91E889E41006BE9F2 /* Release */ = {
			isa = XCBuildConfiguration;
			buildSettings = {
				ASSETCATALOG_COMPILER_APPICON_NAME = AppIcon;
				DEVELOPMENT_TEAM = "";
				INFOPLIST_FILE = "传值/Info.plist";
				LD_RUNPATH_SEARCH_PATHS = "$(inherited) @executable_path/Frameworks";
				PRODUCT_BUNDLE_IDENTIFIER = "com.wj.www.--";
				PRODUCT_NAME = "$(TARGET_NAME)";
			};
			name = Release;
		};
/* End XCBuildConfiguration section */

/* Begin XCConfigurationList section */
		9BA815DB1E889E41006BE9F2 /* Build configuration list for PBXProject "传值" */ = {
			isa = XCConfigurationList;
			buildConfigurations = (
				9BA815F51E889E41006BE9F2 /* Debug */,
				9BA815F61E889E41006BE9F2 /* Release */,
			);
			defaultConfigurationIsVisible = 0;
			defaultConfigurationName = Release;
		};
		9BA815F71E889E41006BE9F2 /* Build configuration list for PBXNativeTarget "传值" */ = {
			isa = XCConfigurationList;
			buildConfigurations = (
				9BA815F81E889E41006BE9F2 /* Debug */,
				9BA815F91E889E41006BE9F2 /* Release */,
			);
			defaultConfigurationIsVisible = 0;
			defaultConfigurationName = Release;
		};
/* End XCConfigurationList section */
	};
	rootObject = 9BA815D81E889E41006BE9F2 /* Project object */;
}
